
Microsoft Visual Studio Solution File, Format Version 12.00
# Visual Studio Version 17
VisualStudioVersion = 17.14.36121.58 d17.14
MinimumVisualStudioVersion = 10.0.40219.1
Project("{FAE04EC0-301F-11D3-BF4B-00C04F79EFBC}") = "qBitTrackerUpdater", "qBitTrackerUpdater\qBitTrackerUpdater.csproj", "{0DF1C0C1-E287-4E14-AD5D-7756D491D8F1}"
EndProject
Global
	GlobalSection(SolutionConfigurationPlatforms) = preSolution
		Debug|Any CPU = Debug|Any CPU
		Release|Any CPU = Release|Any CPU
	EndGlobalSection
	GlobalSection(ProjectConfigurationPlatforms) = postSolution
		{0DF1C0C1-E287-4E14-AD5D-7756D491D8F1}.Debug|Any CPU.ActiveCfg = Debug|Any CPU
		{0DF1C0C1-E287-4E14-AD5D-7756D491D8F1}.Debug|Any CPU.Build.0 = Debug|Any CPU
		{0DF1C0C1-E287-4E14-AD5D-7756D491D8F1}.Release|Any CPU.ActiveCfg = Release|Any CPU
		{0DF1C0C1-E287-4E14-AD5D-7756D491D8F1}.Release|Any CPU.Build.0 = Release|Any CPU
	EndGlobalSection
	GlobalSection(SolutionProperties) = preSolution
		HideSolutionNode = FALSE
	EndGlobalSection
	GlobalSection(ExtensibilityGlobals) = postSolution
		SolutionGuid = {9A65C28B-900E-4489-B72C-231D190FA824}
	EndGlobalSection
EndGlobal
